dependencies:
- name: prometheus
  repository: https://prometheus-community.github.io/helm-charts
  version: 27.11.0
- name: kube-state-metrics
  repository: https://prometheus-community.github.io/helm-charts
  version: 5.33.1
- name: prometheus-node-exporter
  repository: https://prometheus-community.github.io/helm-charts
  version: 4.45.3
digest: sha256:b73934438d5d393ee64df236e777ee4326ae556fcf11e58355a99a52a11e0182
generated: "2025-05-08T13:39:20.663940083Z"
