dependencies:
- name: prometheus
  repository: https://prometheus-community.github.io/helm-charts
  version: 27.11.0
- name: kube-state-metrics
  repository: https://prometheus-community.github.io/helm-charts
  version: 5.12.1
- name: prometheus-node-exporter
  repository: https://prometheus-community.github.io/helm-charts
  version: 4.45.3
digest: sha256:b222e29387b8bc8132e2564a01049eb9e758e24099a2c7d256a4595900aa8e12
generated: "2025-05-05T10:48:06.048836984Z"
